
Microsoft Visual Studio Solution File, Format Version 12.00
# Visual Studio Version 17
VisualStudioVersion = 17.8.34309.116
MinimumVisualStudioVersion = 10.0.40219.1
Project("{8BC9CEB8-8B4A-11D0-8D11-00A0C91BC942}") = "Lexer", "Lexer\Lexer.vcxproj", "{445A36FC-2973-4571-AAC0-5894C1E945EE}"
EndProject
Global
	GlobalSection(SolutionConfigurationPlatforms) = preSolution
		Debug|x64 = Debug|x64
		Debug|x86 = Debug|x86
		Release|x64 = Release|x64
		Release|x86 = Release|x86
	EndGlobalSection
	GlobalSection(ProjectConfigurationPlatforms) = postSolution
		{445A36FC-2973-4571-AAC0-5894C1E945EE}.Debug|x64.ActiveCfg = Debug|x64
		{445A36FC-2973-4571-AAC0-5894C1E945EE}.Debug|x64.Build.0 = Debug|x64
		{445A36FC-2973-4571-AAC0-5894C1E945EE}.Debug|x86.ActiveCfg = Debug|Win32
		{445A36FC-2973-4571-AAC0-5894C1E945EE}.Debug|x86.Build.0 = Debug|Win32
		{445A36FC-2973-4571-AAC0-5894C1E945EE}.Release|x64.ActiveCfg = Release|x64
		{445A36FC-2973-4571-AAC0-5894C1E945EE}.Release|x64.Build.0 = Release|x64
		{445A36FC-2973-4571-AAC0-5894C1E945EE}.Release|x86.ActiveCfg = Release|Win32
		{445A36FC-2973-4571-AAC0-5894C1E945EE}.Release|x86.Build.0 = Release|Win32
	EndGlobalSection
	GlobalSection(SolutionProperties) = preSolution
		HideSolutionNode = FALSE
	EndGlobalSection
	GlobalSection(ExtensibilityGlobals) = postSolution
		SolutionGuid = {4B9670D2-D60D-4C2F-9D70-389F26743DFF}
	EndGlobalSection
EndGlobal
